
Microsoft Visual Studio Solution File, Format Version 12.00
# Visual Studio 14
VisualStudioVersion = 14.0.23107.0
MinimumVisualStudioVersion = 10.0.40219.1
Project("{FAE04EC0-301F-11D3-BF4B-00C04F79EFBC}") = "octopus", "octopus\octopus.csproj", "{7C256DAE-8F0C-4E32-A984-ADBC329E46C6}"
EndProject
Project("{FAE04EC0-301F-11D3-BF4B-00C04F79EFBC}") = "octopus.DAL", "octopus.DAL\octopus.DAL.csproj", "{C71639D2-262F-4BA1-A106-4DC25066BFEA}"
EndProject
Global
	GlobalSection(SolutionConfigurationPlatforms) = preSolution
		Debug|Any CPU = Debug|Any CPU
		Release|Any CPU = Release|Any CPU
	EndGlobalSection
	GlobalSection(ProjectConfigurationPlatforms) = postSolution
		{7C256DAE-8F0C-4E32-A984-ADBC329E46C6}.Debug|Any CPU.ActiveCfg = Debug|Any CPU
		{7C256DAE-8F0C-4E32-A984-ADBC329E46C6}.Debug|Any CPU.Build.0 = Debug|Any CPU
		{7C256DAE-8F0C-4E32-A984-ADBC329E46C6}.Release|Any CPU.ActiveCfg = Release|Any CPU
		{7C256DAE-8F0C-4E32-A984-ADBC329E46C6}.Release|Any CPU.Build.0 = Release|Any CPU
		{C71639D2-262F-4BA1-A106-4DC25066BFEA}.Debug|Any CPU.ActiveCfg = Debug|Any CPU
		{C71639D2-262F-4BA1-A106-4DC25066BFEA}.Debug|Any CPU.Build.0 = Debug|Any CPU
		{C71639D2-262F-4BA1-A106-4DC25066BFEA}.Release|Any CPU.ActiveCfg = Release|Any CPU
		{C71639D2-262F-4BA1-A106-4DC25066BFEA}.Release|Any CPU.Build.0 = Release|Any CPU
	EndGlobalSection
	GlobalSection(SolutionProperties) = preSolution
		HideSolutionNode = FALSE
	EndGlobalSection
EndGlobal
